// !$*UTF8*$!
{
	archiveVersion = 1;
	classes = {
	};
	objectVersion = 46;
	objects = {

/* Begin PBXBuildFile section */
		FB1A190B144DBE350053DB61 /* Cocoa.framework in Frameworks */ = {isa = PBXBuildFile; fileRef = FB1A190A144DBE350053DB61 /* Cocoa.framework */; };
		FB1A1915144DBE350053DB61 /* StaticLib.m in Sources */ = {isa = PBXBuildFile; fileRef = FB1A1914144DBE350053DB61 /* StaticLib.m */; };
/* End PBXBuildFile section */

/* Begin PBXFileReference section */
		FB1A1907144DBE350053DB61 /* libStaticLib.a */ = {isa = PBXFileReference; explicitFileType = archive.ar; includeInIndex = 0; path = libStaticLib.a; sourceTree = BUILT_PRODUCTS_DIR; };
		FB1A190A144DBE350053DB61 /* Cocoa.framework */ = {isa = PBXFileReference; lastKnownFileType = wrapper.framework; name = Cocoa.framework; path = System/Library/Frameworks/Cocoa.framework; sourceTree = SDKROOT; };
		FB1A190D144DBE350053DB61 /* AppKit.framework */ = {isa = PBXFileReference; lastKnownFileType = wrapper.framework; name = AppKit.framework; path = System/Library/Frameworks/AppKit.framework; sourceTree = SDKROOT; };
		FB1A190E144DBE350053DB61 /* CoreData.framework */ = {isa = PBXFileReference; lastKnownFileType = wrapper.framework; name = CoreData.framework; path = System/Library/Frameworks/CoreData.framework; sourceTree = SDKROOT; };
		FB1A190F144DBE350053DB61 /* Foundation.framework */ = {isa = PBXFileReference; lastKnownFileType = wrapper.framework; name = Foundation.framework; path = System/Library/Frameworks/Foundation.framework; sourceTree = SDKROOT; };
		FB1A1912144DBE350053DB61 /* StaticLib-Prefix.pch */ = {isa = PBXFileReference; path = "StaticLib-Prefix.pch"; sourceTree = "<group>"; };
		FB1A1913144DBE350053DB61 /* StaticLib.h */ = {isa = PBXFileReference; path = StaticLib.h; sourceTree = "<group>"; };
		FB1A1914144DBE350053DB61 /* StaticLib.m */ = {isa = PBXFileReference; lastKnownFileType = sourcecode.c.objc; path = StaticLib.m; sourceTree = "<group>"; };
/* End PBXFileReference section */

/* Begin PBXFrameworksBuildPhase section */
		FB1A1904144DBE350053DB61 /* Frameworks */ = {
			isa = PBXFrameworksBuildPhase;
			buildActionMask = 2147483647;
			files = (
				FB1A190B144DBE350053DB61 /* Cocoa.framework in Frameworks */,
			);
			runOnlyForDeploymentPostprocessing = 0;
		};
/* End PBXFrameworksBuildPhase section */

/* Begin PBXGroup section */
		FB1A18FC144DBE350053DB61 = {
			isa = PBXGroup;
			children = (
				FB1A1910144DBE350053DB61 /* StaticLib */,
				FB1A1909144DBE350053DB61 /* Frameworks */,
				FB1A1908144DBE350053DB61 /* Products */,
			);
			sourceTree = "<group>";
		};
		FB1A1908144DBE350053DB61 /* Products */ = {
			isa = PBXGroup;
			children = (
				FB1A1907144DBE350053DB61 /* libStaticLib.a */,
			);
			name = Products;
			sourceTree = "<group>";
		};
		FB1A1909144DBE350053DB61 /* Frameworks */ = {
			isa = PBXGroup;
			children = (
				FB1A190A144DBE350053DB61 /* Cocoa.framework */,
				FB1A190C144DBE350053DB61 /* Other Frameworks */,
			);
			name = Frameworks;
			sourceTree = "<group>";
		};
		FB1A190C144DBE350053DB61 /* Other Frameworks */ = {
			isa = PBXGroup;
			children = (
				FB1A190D144DBE350053DB61 /* AppKit.framework */,
				FB1A190E144DBE350053DB61 /* CoreData.framework */,
				FB1A190F144DBE350053DB61 /* Foundation.framework */,
			);
			name = "Other Frameworks";
			sourceTree = "<group>";
		};
		FB1A1910144DBE350053DB61 /* StaticLib */ = {
			isa = PBXGroup;
			children = (
				FB1A1913144DBE350053DB61 /* StaticLib.h */,
				FB1A1914144DBE350053DB61 /* StaticLib.m */,
				FB1A1911144DBE350053DB61 /* Supporting Files */,
			);
			path = StaticLib;
			sourceTree = "<group>";
		};
		FB1A1911144DBE350053DB61 /* Supporting Files */ = {
			isa = PBXGroup;
			children = (
				FB1A1912144DBE350053DB61 /* StaticLib-Prefix.pch */,
			);
			name = "Supporting Files";
			sourceTree = "<group>";
		};
/* End PBXGroup section */

/* Begin PBXHeadersBuildPhase section */
		FB1A1905144DBE350053DB61 /* Headers */ = {
			isa = PBXHeadersBuildPhase;
			buildActionMask = 2147483647;
			files = (
			);
			runOnlyForDeploymentPostprocessing = 0;
		};
/* End PBXHeadersBuildPhase section */

/* Begin PBXNativeTarget section */
		FB1A1906144DBE350053DB61 /* StaticLib */ = {
			isa = PBXNativeTarget;
			buildConfigurationList = FB1A1918144DBE350053DB61 /* Build configuration list for PBXNativeTarget "StaticLib" */;
			buildPhases = (
				FB1A1903144DBE350053DB61 /* Sources */,
				FB1A1904144DBE350053DB61 /* Frameworks */,
				FB1A1905144DBE350053DB61 /* Headers */,
			);
			buildRules = (
			);
			dependencies = (
			);
			name = StaticLib;
			productName = StaticLib;
			productReference = FB1A1907144DBE350053DB61 /* libStaticLib.a */;
			productType = "com.apple.product-type.library.static";
		};
/* End PBXNativeTarget section */

/* Begin PBXProject section */
		FB1A18FE144DBE350053DB61 /* Project object */ = {
			isa = PBXProject;
			buildConfigurationList = FB1A1901144DBE350053DB61 /* Build configuration list for PBXProject "StaticLib" */;
			compatibilityVersion = "Xcode 3.2";
			developmentRegion = English;
			hasScannedForEncodings = 0;
			knownRegions = (
				en,
			);
			mainGroup = FB1A18FC144DBE350053DB61;
			productRefGroup = FB1A1908144DBE350053DB61 /* Products */;
			projectDirPath = "";
			projectRoot = "";
			targets = (
				FB1A1906144DBE350053DB61 /* StaticLib */,
			);
		};
/* End PBXProject section */

/* Begin PBXSourcesBuildPhase section */
		FB1A1903144DBE350053DB61 /* Sources */ = {
			isa = PBXSourcesBuildPhase;
			buildActionMask = 2147483647;
			files = (
				FB1A1915144DBE350053DB61 /* StaticLib.m in Sources */,
			);
			runOnlyForDeploymentPostprocessing = 0;
		};
/* End PBXSourcesBuildPhase section */

/* Begin XCBuildConfiguration section */
		FB1A1916144DBE350053DB61 /* Debug */ = {
			isa = XCBuildConfiguration;
			buildSettings = {
				ALWAYS_SEARCH_USER_PATHS = NO;
				ARCHS = "$(ARCHS_STANDARD_64_BIT)";
				COPY_PHASE_STRIP = NO;
				GCC_C_LANGUAGE_STANDARD = gnu99;
				GCC_DYNAMIC_NO_PIC = NO;
				GCC_ENABLE_OBJC_EXCEPTIONS = YES;
				GCC_OPTIMIZATION_LEVEL = 0;
				GCC_PREPROCESSOR_DEFINITIONS = (
					"DEBUG=1",
					"$(inherited)",
				);
				GCC_SYMBOLS_PRIVATE_EXTERN = NO;
				GCC_VERSION = com.apple.compilers.llvm.clang.1_0;
				GCC_WARN_64_TO_32_BIT_CONVERSION = YES;
				GCC_WARN_ABOUT_MISSING_PROTOTYPES = YES;
				GCC_WARN_ABOUT_RETURN_TYPE = YES;
				GCC_WARN_UNUSED_VARIABLE = YES;
				MACOSX_DEPLOYMENT_TARGET = 10.7;
				ONLY_ACTIVE_ARCH = YES;
				SDKROOT = macosx;
			};
			name = Debug;
		};
		FB1A1917144DBE350053DB61 /* Release */ = {
			isa = XCBuildConfiguration;
			buildSettings = {
				ALWAYS_SEARCH_USER_PATHS = NO;
				ARCHS = "$(ARCHS_STANDARD_64_BIT)";
				COPY_PHASE_STRIP = YES;
				DEBUG_INFORMATION_FORMAT = "dwarf-with-dsym";
				GCC_C_LANGUAGE_STANDARD = gnu99;
				GCC_ENABLE_OBJC_EXCEPTIONS = YES;
				GCC_VERSION = com.apple.compilers.llvm.clang.1_0;
				GCC_WARN_64_TO_32_BIT_CONVERSION = YES;
				GCC_WARN_ABOUT_MISSING_PROTOTYPES = YES;
				GCC_WARN_ABOUT_RETURN_TYPE = YES;
				GCC_WARN_UNUSED_VARIABLE = YES;
				MACOSX_DEPLOYMENT_TARGET = 10.7;
				SDKROOT = macosx;
			};
			name = Release;
		};
		FB1A1919144DBE350053DB61 /* Debug */ = {
			isa = XCBuildConfiguration;
			buildSettings = {
				GCC_PRECOMPILE_PREFIX_HEADER = YES;
				GCC_PREFIX_HEADER = "StaticLib/StaticLib-Prefix.pch";
				PRODUCT_NAME = "$(TARGET_NAME)";
			};
			name = Debug;
		};
		FB1A191A144DBE350053DB61 /* Release */ = {
			isa = XCBuildConfiguration;
			buildSettings = {
				GCC_PRECOMPILE_PREFIX_HEADER = YES;
				GCC_PREFIX_HEADER = "StaticLib/StaticLib-Prefix.pch";
				PRODUCT_NAME = "$(TARGET_NAME)";
			};
			name = Release;
		};
/* End XCBuildConfiguration section */

/* Begin XCConfigurationList section */
		FB1A1901144DBE350053DB61 /* Build configuration list for PBXProject "StaticLib" */ = {
			isa = XCConfigurationList;
			buildConfigurations = (
				FB1A1916144DBE350053DB61 /* Debug */,
				FB1A1917144DBE350053DB61 /* Release */,
			);
			defaultConfigurationIsVisible = 0;
			defaultConfigurationName = Release;
		};
		FB1A1918144DBE350053DB61 /* Build configuration list for PBXNativeTarget "StaticLib" */ = {
			isa = XCConfigurationList;
			buildConfigurations = (
				FB1A1919144DBE350053DB61 /* Debug */,
				FB1A191A144DBE350053DB61 /* Release */,
			);
			defaultConfigurationIsVisible = 0;
		};
/* End XCConfigurationList section */
	};
	rootObject = FB1A18FE144DBE350053DB61 /* Project object */;
}
